
Microsoft Visual Studio Solution File, Format Version 12.00
# Visual Studio Version 17
VisualStudioVersion = 17.4.33213.308
MinimumVisualStudioVersion = 10.0.40219.1
Project("{9A19103F-16F7-4668-BE54-9A1E7A4F7556}") = "WebApi", "WebApi\WebApi.csproj", "{80631830-22BE-4C5C-B670-8CC6A3C8266A}"
EndProject
Project("{9A19103F-16F7-4668-BE54-9A1E7A4F7556}") = "Data", "Data\Data.csproj", "{AAE274AC-DC7E-4EA5-AF0B-A591D7E96FC4}"
EndProject
Global
	GlobalSection(SolutionConfigurationPlatforms) = preSolution
		Debug|Any CPU = Debug|Any CPU
		Release|Any CPU = Release|Any CPU
	EndGlobalSection
	GlobalSection(ProjectConfigurationPlatforms) = postSolution
		{80631830-22BE-4C5C-B670-8CC6A3C8266A}.Debug|Any CPU.ActiveCfg = Debug|Any CPU
		{80631830-22BE-4C5C-B670-8CC6A3C8266A}.Debug|Any CPU.Build.0 = Debug|Any CPU
		{80631830-22BE-4C5C-B670-8CC6A3C8266A}.Release|Any CPU.ActiveCfg = Release|Any CPU
		{80631830-22BE-4C5C-B670-8CC6A3C8266A}.Release|Any CPU.Build.0 = Release|Any CPU
		{AAE274AC-DC7E-4EA5-AF0B-A591D7E96FC4}.Debug|Any CPU.ActiveCfg = Debug|Any CPU
		{AAE274AC-DC7E-4EA5-AF0B-A591D7E96FC4}.Debug|Any CPU.Build.0 = Debug|Any CPU
		{AAE274AC-DC7E-4EA5-AF0B-A591D7E96FC4}.Release|Any CPU.ActiveCfg = Release|Any CPU
		{AAE274AC-DC7E-4EA5-AF0B-A591D7E96FC4}.Release|Any CPU.Build.0 = Release|Any CPU
	EndGlobalSection
	GlobalSection(SolutionProperties) = preSolution
		HideSolutionNode = FALSE
	EndGlobalSection
	GlobalSection(ExtensibilityGlobals) = postSolution
		SolutionGuid = {ABD2A397-61B3-47F7-99FB-E78EEC061B75}
	EndGlobalSection
EndGlobal
